{
  "version": 4,
  "terraform_version": "0.13.3",
  "serial": 642,
  "lineage": "cd64c168-59d6-3dfb-9e57-bc44d7f1c8c6",
  "outputs": {},
  "resources": [
    {
      "mode": "data",
      "type": "template_file",
      "name": "network_config",
      "provider": "provider[\"registry.terraform.io/hashicorp/template\"]",
      "instances": [
        {
          "index_key": "vm1",
          "schema_version": 0,
          "attributes": {
            "filename": null,
            "id": "dd19cb3c4e5c747473320a53896ad956baf8d27f9cd7b3ccb3b2b8b7d7cc4ae5",
            "rendered": "version : 2\nrenderer: networkd\nethernets :\n    ens3:\n        dhcp4: no\n        addresses: [192.168.100.10/24]\n        gateway4: 192.168.100.1\n        nameservers:\n            addresses: [192.168.100.1]\n",
            "template": "version : 2\nrenderer: networkd\nethernets :\n    ens3:\n        dhcp4: no\n        addresses: [${ip}/24]\n        gateway4: 192.168.100.1\n        nameservers:\n            addresses: [192.168.100.1]\n",
            "vars": {
              "ip": "192.168.100.10"
            }
          }
        },
        {
          "index_key": "vm2",
          "schema_version": 0,
          "attributes": {
            "filename": null,
            "id": "77a9ae0f7a33448e31421ae3d537b7d28be2d49e93386ed230694ed27c4f2a57",
            "rendered": "version : 2\nrenderer: networkd\nethernets :\n    ens3:\n        dhcp4: no\n        addresses: [192.168.100.11/24]\n        gateway4: 192.168.100.1\n        nameservers:\n            addresses: [192.168.100.1]\n",
            "template": "version : 2\nrenderer: networkd\nethernets :\n    ens3:\n        dhcp4: no\n        addresses: [${ip}/24]\n        gateway4: 192.168.100.1\n        nameservers:\n            addresses: [192.168.100.1]\n",
            "vars": {
              "ip": "192.168.100.11"
            }
          }
        },
        {
          "index_key": "vm3",
          "schema_version": 0,
          "attributes": {
            "filename": null,
            "id": "fdff93e994b7fe405b79c4cc5cd7f43be7035d1f75564bdf5995cf6e8a152ced",
            "rendered": "version : 2\nrenderer: networkd\nethernets :\n    ens3:\n        dhcp4: no\n        addresses: [192.168.100.12/24]\n        gateway4: 192.168.100.1\n        nameservers:\n            addresses: [192.168.100.1]\n",
            "template": "version : 2\nrenderer: networkd\nethernets :\n    ens3:\n        dhcp4: no\n        addresses: [${ip}/24]\n        gateway4: 192.168.100.1\n        nameservers:\n            addresses: [192.168.100.1]\n",
            "vars": {
              "ip": "192.168.100.12"
            }
          }
        }
      ]
    },
    {
      "mode": "data",
      "type": "template_file",
      "name": "user_data",
      "provider": "provider[\"registry.terraform.io/hashicorp/template\"]",
      "instances": [
        {
          "index_key": "vm1",
          "schema_version": 0,
          "attributes": {
            "filename": null,
            "id": "c65f97333d55591cdfcb3bd31fd7b4219129460882dcd8362d61d68af6c74c98",
            "rendered": "#cloud-config\nusers:\n  - name: root\n    sudo: ALL=(ALL) NOPASSWD:ALL\n    shell: /bin/bash\n    ssh_authorized_keys:\n      - ssh-rsa AAAAB3NzaC1yc2EAAAADAQABAAABAQCzrm/GOdEG+wp5I6Ntl/CL4zuJpJtz5nm+/g4pZ8wexh1pz76n4m+tyae151GplYa+b2FIId8o3vgF8BTZv2O9qlPNEA0WM0j4uVhSP+MIAsb4WEvFxAeZbt/GiGUCLNvRGzJFL9oI6z8A0nCzYd+/gA1G/dOkELmkGnt/y3FcFjcafWJPqGxLTUIWRIXo0CJjRl0/DvMAxdlQILdiYInUQbSZIKg2pQiCopid0PoO3I/dW8hAi0zeP0rvGjDZ2JfhAikPH2FkCeMcnnh2Hn1SXGr/ijRTvfHLK9YPxpKeiifEaE6vSSOncaMi9N+6uDLUxVINVf5ur30ymnamISv1 igor@ivagulin-pc.localdomain\n\ngrowpart:\n  devices: [ / ]\n  mode: auto\n\nhostname: vm1\n\n# 1q2w3e\n#    passwd: $5$R068zJeQrw6uAHY6$e4S0e4KwJqjbQEF4VqH2Lvrn9EFuo8vOtSPvpiiT4J6\n",
            "template": "#cloud-config\nusers:\n  - name: root\n    sudo: ALL=(ALL) NOPASSWD:ALL\n    shell: /bin/bash\n    ssh_authorized_keys:\n      - ssh-rsa AAAAB3NzaC1yc2EAAAADAQABAAABAQCzrm/GOdEG+wp5I6Ntl/CL4zuJpJtz5nm+/g4pZ8wexh1pz76n4m+tyae151GplYa+b2FIId8o3vgF8BTZv2O9qlPNEA0WM0j4uVhSP+MIAsb4WEvFxAeZbt/GiGUCLNvRGzJFL9oI6z8A0nCzYd+/gA1G/dOkELmkGnt/y3FcFjcafWJPqGxLTUIWRIXo0CJjRl0/DvMAxdlQILdiYInUQbSZIKg2pQiCopid0PoO3I/dW8hAi0zeP0rvGjDZ2JfhAikPH2FkCeMcnnh2Hn1SXGr/ijRTvfHLK9YPxpKeiifEaE6vSSOncaMi9N+6uDLUxVINVf5ur30ymnamISv1 igor@ivagulin-pc.localdomain\n\ngrowpart:\n  devices: [ / ]\n  mode: auto\n\nhostname: ${hostname}\n\n# 1q2w3e\n#    passwd: $5$R068zJeQrw6uAHY6$e4S0e4KwJqjbQEF4VqH2Lvrn9EFuo8vOtSPvpiiT4J6\n",
            "vars": {
              "hostname": "vm1"
            }
          }
        },
        {
          "index_key": "vm2",
          "schema_version": 0,
          "attributes": {
            "filename": null,
            "id": "1342c4b85cf7382f692713a428f3b6fe70f7e15e3148663159f36f08f5da27d1",
            "rendered": "#cloud-config\nusers:\n  - name: root\n    sudo: ALL=(ALL) NOPASSWD:ALL\n    shell: /bin/bash\n    ssh_authorized_keys:\n      - ssh-rsa AAAAB3NzaC1yc2EAAAADAQABAAABAQCzrm/GOdEG+wp5I6Ntl/CL4zuJpJtz5nm+/g4pZ8wexh1pz76n4m+tyae151GplYa+b2FIId8o3vgF8BTZv2O9qlPNEA0WM0j4uVhSP+MIAsb4WEvFxAeZbt/GiGUCLNvRGzJFL9oI6z8A0nCzYd+/gA1G/dOkELmkGnt/y3FcFjcafWJPqGxLTUIWRIXo0CJjRl0/DvMAxdlQILdiYInUQbSZIKg2pQiCopid0PoO3I/dW8hAi0zeP0rvGjDZ2JfhAikPH2FkCeMcnnh2Hn1SXGr/ijRTvfHLK9YPxpKeiifEaE6vSSOncaMi9N+6uDLUxVINVf5ur30ymnamISv1 igor@ivagulin-pc.localdomain\n\ngrowpart:\n  devices: [ / ]\n  mode: auto\n\nhostname: vm2\n\n# 1q2w3e\n#    passwd: $5$R068zJeQrw6uAHY6$e4S0e4KwJqjbQEF4VqH2Lvrn9EFuo8vOtSPvpiiT4J6\n",
            "template": "#cloud-config\nusers:\n  - name: root\n    sudo: ALL=(ALL) NOPASSWD:ALL\n    shell: /bin/bash\n    ssh_authorized_keys:\n      - ssh-rsa AAAAB3NzaC1yc2EAAAADAQABAAABAQCzrm/GOdEG+wp5I6Ntl/CL4zuJpJtz5nm+/g4pZ8wexh1pz76n4m+tyae151GplYa+b2FIId8o3vgF8BTZv2O9qlPNEA0WM0j4uVhSP+MIAsb4WEvFxAeZbt/GiGUCLNvRGzJFL9oI6z8A0nCzYd+/gA1G/dOkELmkGnt/y3FcFjcafWJPqGxLTUIWRIXo0CJjRl0/DvMAxdlQILdiYInUQbSZIKg2pQiCopid0PoO3I/dW8hAi0zeP0rvGjDZ2JfhAikPH2FkCeMcnnh2Hn1SXGr/ijRTvfHLK9YPxpKeiifEaE6vSSOncaMi9N+6uDLUxVINVf5ur30ymnamISv1 igor@ivagulin-pc.localdomain\n\ngrowpart:\n  devices: [ / ]\n  mode: auto\n\nhostname: ${hostname}\n\n# 1q2w3e\n#    passwd: $5$R068zJeQrw6uAHY6$e4S0e4KwJqjbQEF4VqH2Lvrn9EFuo8vOtSPvpiiT4J6\n",
            "vars": {
              "hostname": "vm2"
            }
          }
        },
        {
          "index_key": "vm3",
          "schema_version": 0,
          "attributes": {
            "filename": null,
            "id": "eca18f508e54e6760562869852b9385cc4b40e7bc08b13a3f793b4b542bf7581",
            "rendered": "#cloud-config\nusers:\n  - name: root\n    sudo: ALL=(ALL) NOPASSWD:ALL\n    shell: /bin/bash\n    ssh_authorized_keys:\n      - ssh-rsa AAAAB3NzaC1yc2EAAAADAQABAAABAQCzrm/GOdEG+wp5I6Ntl/CL4zuJpJtz5nm+/g4pZ8wexh1pz76n4m+tyae151GplYa+b2FIId8o3vgF8BTZv2O9qlPNEA0WM0j4uVhSP+MIAsb4WEvFxAeZbt/GiGUCLNvRGzJFL9oI6z8A0nCzYd+/gA1G/dOkELmkGnt/y3FcFjcafWJPqGxLTUIWRIXo0CJjRl0/DvMAxdlQILdiYInUQbSZIKg2pQiCopid0PoO3I/dW8hAi0zeP0rvGjDZ2JfhAikPH2FkCeMcnnh2Hn1SXGr/ijRTvfHLK9YPxpKeiifEaE6vSSOncaMi9N+6uDLUxVINVf5ur30ymnamISv1 igor@ivagulin-pc.localdomain\n\ngrowpart:\n  devices: [ / ]\n  mode: auto\n\nhostname: vm3\n\n# 1q2w3e\n#    passwd: $5$R068zJeQrw6uAHY6$e4S0e4KwJqjbQEF4VqH2Lvrn9EFuo8vOtSPvpiiT4J6\n",
            "template": "#cloud-config\nusers:\n  - name: root\n    sudo: ALL=(ALL) NOPASSWD:ALL\n    shell: /bin/bash\n    ssh_authorized_keys:\n      - ssh-rsa AAAAB3NzaC1yc2EAAAADAQABAAABAQCzrm/GOdEG+wp5I6Ntl/CL4zuJpJtz5nm+/g4pZ8wexh1pz76n4m+tyae151GplYa+b2FIId8o3vgF8BTZv2O9qlPNEA0WM0j4uVhSP+MIAsb4WEvFxAeZbt/GiGUCLNvRGzJFL9oI6z8A0nCzYd+/gA1G/dOkELmkGnt/y3FcFjcafWJPqGxLTUIWRIXo0CJjRl0/DvMAxdlQILdiYInUQbSZIKg2pQiCopid0PoO3I/dW8hAi0zeP0rvGjDZ2JfhAikPH2FkCeMcnnh2Hn1SXGr/ijRTvfHLK9YPxpKeiifEaE6vSSOncaMi9N+6uDLUxVINVf5ur30ymnamISv1 igor@ivagulin-pc.localdomain\n\ngrowpart:\n  devices: [ / ]\n  mode: auto\n\nhostname: ${hostname}\n\n# 1q2w3e\n#    passwd: $5$R068zJeQrw6uAHY6$e4S0e4KwJqjbQEF4VqH2Lvrn9EFuo8vOtSPvpiiT4J6\n",
            "vars": {
              "hostname": "vm3"
            }
          }
        }
      ]
    },
    {
      "mode": "managed",
      "type": "libvirt_cloudinit_disk",
      "name": "commoninit",
      "provider": "provider[\"registry.terraform.io/dmacvicar/libvirt\"]",
      "instances": [
        {
          "index_key": "vm1",
          "schema_version": 0,
          "attributes": {
            "id": "/var/lib/libvirt/images/cloudinit-vm1.iso;e97352ee-e20b-4768-bb9f-6b2bf3da9b27",
            "meta_data": "",
            "name": "cloudinit-vm1.iso",
            "network_config": "version : 2\nrenderer: networkd\nethernets :\n    ens3:\n        dhcp4: no\n        addresses: [192.168.100.10/24]\n        gateway4: 192.168.100.1\n        nameservers:\n            addresses: [192.168.100.1]\n",
            "pool": "default",
            "user_data": "#cloud-config\nusers:\n  - name: root\n    sudo: ALL=(ALL) NOPASSWD:ALL\n    shell: /bin/bash\n    ssh_authorized_keys:\n      - ssh-rsa AAAAB3NzaC1yc2EAAAADAQABAAABAQCzrm/GOdEG+wp5I6Ntl/CL4zuJpJtz5nm+/g4pZ8wexh1pz76n4m+tyae151GplYa+b2FIId8o3vgF8BTZv2O9qlPNEA0WM0j4uVhSP+MIAsb4WEvFxAeZbt/GiGUCLNvRGzJFL9oI6z8A0nCzYd+/gA1G/dOkELmkGnt/y3FcFjcafWJPqGxLTUIWRIXo0CJjRl0/DvMAxdlQILdiYInUQbSZIKg2pQiCopid0PoO3I/dW8hAi0zeP0rvGjDZ2JfhAikPH2FkCeMcnnh2Hn1SXGr/ijRTvfHLK9YPxpKeiifEaE6vSSOncaMi9N+6uDLUxVINVf5ur30ymnamISv1 igor@ivagulin-pc.localdomain\n\ngrowpart:\n  devices: [ / ]\n  mode: auto\n\nhostname: vm1\n\n# 1q2w3e\n#    passwd: $5$R068zJeQrw6uAHY6$e4S0e4KwJqjbQEF4VqH2Lvrn9EFuo8vOtSPvpiiT4J6\n"
          },
          "private": "bnVsbA==",
          "dependencies": [
            "data.template_file.network_config",
            "data.template_file.user_data"
          ]
        },
        {
          "index_key": "vm2",
          "schema_version": 0,
          "attributes": {
            "id": "/var/lib/libvirt/images/cloudinit-vm2.iso;5e52f9f4-e982-47d4-b324-35fb43f39995",
            "meta_data": "",
            "name": "cloudinit-vm2.iso",
            "network_config": "version : 2\nrenderer: networkd\nethernets :\n    ens3:\n        dhcp4: no\n        addresses: [192.168.100.11/24]\n        gateway4: 192.168.100.1\n        nameservers:\n            addresses: [192.168.100.1]\n",
            "pool": "default",
            "user_data": "#cloud-config\nusers:\n  - name: root\n    sudo: ALL=(ALL) NOPASSWD:ALL\n    shell: /bin/bash\n    ssh_authorized_keys:\n      - ssh-rsa AAAAB3NzaC1yc2EAAAADAQABAAABAQCzrm/GOdEG+wp5I6Ntl/CL4zuJpJtz5nm+/g4pZ8wexh1pz76n4m+tyae151GplYa+b2FIId8o3vgF8BTZv2O9qlPNEA0WM0j4uVhSP+MIAsb4WEvFxAeZbt/GiGUCLNvRGzJFL9oI6z8A0nCzYd+/gA1G/dOkELmkGnt/y3FcFjcafWJPqGxLTUIWRIXo0CJjRl0/DvMAxdlQILdiYInUQbSZIKg2pQiCopid0PoO3I/dW8hAi0zeP0rvGjDZ2JfhAikPH2FkCeMcnnh2Hn1SXGr/ijRTvfHLK9YPxpKeiifEaE6vSSOncaMi9N+6uDLUxVINVf5ur30ymnamISv1 igor@ivagulin-pc.localdomain\n\ngrowpart:\n  devices: [ / ]\n  mode: auto\n\nhostname: vm2\n\n# 1q2w3e\n#    passwd: $5$R068zJeQrw6uAHY6$e4S0e4KwJqjbQEF4VqH2Lvrn9EFuo8vOtSPvpiiT4J6\n"
          },
          "private": "bnVsbA==",
          "dependencies": [
            "data.template_file.network_config",
            "data.template_file.user_data"
          ]
        },
        {
          "index_key": "vm3",
          "schema_version": 0,
          "attributes": {
            "id": "/var/lib/libvirt/images/cloudinit-vm3.iso;f598874f-8661-40f9-aca7-9dce23549d6a",
            "meta_data": "",
            "name": "cloudinit-vm3.iso",
            "network_config": "version : 2\nrenderer: networkd\nethernets :\n    ens3:\n        dhcp4: no\n        addresses: [192.168.100.12/24]\n        gateway4: 192.168.100.1\n        nameservers:\n            addresses: [192.168.100.1]\n",
            "pool": "default",
            "user_data": "#cloud-config\nusers:\n  - name: root\n    sudo: ALL=(ALL) NOPASSWD:ALL\n    shell: /bin/bash\n    ssh_authorized_keys:\n      - ssh-rsa AAAAB3NzaC1yc2EAAAADAQABAAABAQCzrm/GOdEG+wp5I6Ntl/CL4zuJpJtz5nm+/g4pZ8wexh1pz76n4m+tyae151GplYa+b2FIId8o3vgF8BTZv2O9qlPNEA0WM0j4uVhSP+MIAsb4WEvFxAeZbt/GiGUCLNvRGzJFL9oI6z8A0nCzYd+/gA1G/dOkELmkGnt/y3FcFjcafWJPqGxLTUIWRIXo0CJjRl0/DvMAxdlQILdiYInUQbSZIKg2pQiCopid0PoO3I/dW8hAi0zeP0rvGjDZ2JfhAikPH2FkCeMcnnh2Hn1SXGr/ijRTvfHLK9YPxpKeiifEaE6vSSOncaMi9N+6uDLUxVINVf5ur30ymnamISv1 igor@ivagulin-pc.localdomain\n\ngrowpart:\n  devices: [ / ]\n  mode: auto\n\nhostname: vm3\n\n# 1q2w3e\n#    passwd: $5$R068zJeQrw6uAHY6$e4S0e4KwJqjbQEF4VqH2Lvrn9EFuo8vOtSPvpiiT4J6\n"
          },
          "private": "bnVsbA==",
          "dependencies": [
            "data.template_file.network_config",
            "data.template_file.user_data"
          ]
        }
      ]
    },
    {
      "mode": "managed",
      "type": "libvirt_domain",
      "name": "domain-ubuntu",
      "provider": "provider[\"registry.terraform.io/dmacvicar/libvirt\"]",
      "instances": [
        {
          "index_key": "vm1",
          "schema_version": 0,
          "attributes": {
            "arch": "x86_64",
            "autostart": false,
            "boot_device": [],
            "cloudinit": "/var/lib/libvirt/images/cloudinit-vm1.iso;e97352ee-e20b-4768-bb9f-6b2bf3da9b27",
            "cmdline": null,
            "console": [
              {
                "source_host": "127.0.0.1",
                "source_path": "",
                "source_service": "0",
                "target_port": "0",
                "target_type": "virtio",
                "type": "pty"
              }
            ],
            "coreos_ignition": null,
            "cpu": [
              {
                "mode": "custom"
              }
            ],
            "description": "",
            "disk": [
              {
                "block_device": "",
                "file": "",
                "scsi": false,
                "url": "",
                "volume_id": "/var/lib/libvirt/images/vm1.qcow2",
                "wwn": ""
              }
            ],
            "emulator": "/usr/bin/qemu-system-x86_64",
            "filesystem": [],
            "firmware": null,
            "fw_cfg_name": "opt/com.coreos/config",
            "graphics": [
              {
                "autoport": true,
                "listen_address": "127.0.0.1",
                "listen_type": "address",
                "type": "spice",
                "websocket": 0
              }
            ],
            "id": "0b638664-9135-483f-9167-58907c489583",
            "initrd": "",
            "kernel": "",
            "machine": "pc",
            "memory": 2048,
            "metadata": null,
            "name": "vm1",
            "network_interface": [
              {
                "addresses": [],
                "bridge": "",
                "hostname": "",
                "mac": "52:54:00:0A:73:0A",
                "macvtap": "",
                "network_id": "cf2cbda1-529f-4031-910c-15e5bf211b41",
                "network_name": "network",
                "passthrough": "",
                "vepa": "",
                "wait_for_lease": false
              }
            ],
            "nvram": null,
            "qemu_agent": false,
            "running": true,
            "timeouts": null,
            "tpm": [],
            "type": "kvm",
            "vcpu": 2,
            "video": [],
            "xml": []
          },
          "private": "eyJlMmJmYjczMC1lY2FhLTExZTYtOGY4OC0zNDM2M2JjN2M0YzAiOnsiY3JlYXRlIjozMDAwMDAwMDAwMDB9fQ==",
          "dependencies": [
            "data.template_file.network_config",
            "data.template_file.user_data",
            "libvirt_cloudinit_disk.commoninit",
            "libvirt_volume.base",
            "libvirt_volume.qcow2"
          ]
        },
        {
          "index_key": "vm2",
          "schema_version": 0,
          "attributes": {
            "arch": "x86_64",
            "autostart": false,
            "boot_device": [],
            "cloudinit": "/var/lib/libvirt/images/cloudinit-vm2.iso;5e52f9f4-e982-47d4-b324-35fb43f39995",
            "cmdline": null,
            "console": [
              {
                "source_host": "127.0.0.1",
                "source_path": "",
                "source_service": "0",
                "target_port": "0",
                "target_type": "virtio",
                "type": "pty"
              }
            ],
            "coreos_ignition": null,
            "cpu": [
              {
                "mode": "custom"
              }
            ],
            "description": "",
            "disk": [
              {
                "block_device": "",
                "file": "",
                "scsi": false,
                "url": "",
                "volume_id": "/var/lib/libvirt/images/vm2.qcow2",
                "wwn": ""
              }
            ],
            "emulator": "/usr/bin/qemu-system-x86_64",
            "filesystem": [],
            "firmware": null,
            "fw_cfg_name": "opt/com.coreos/config",
            "graphics": [
              {
                "autoport": true,
                "listen_address": "127.0.0.1",
                "listen_type": "address",
                "type": "spice",
                "websocket": 0
              }
            ],
            "id": "2841d8d8-96d9-40ea-9e85-c718be8c40ed",
            "initrd": "",
            "kernel": "",
            "machine": "pc",
            "memory": 2048,
            "metadata": null,
            "name": "vm2",
            "network_interface": [
              {
                "addresses": [],
                "bridge": "",
                "hostname": "",
                "mac": "52:54:00:7A:AB:2D",
                "macvtap": "",
                "network_id": "cf2cbda1-529f-4031-910c-15e5bf211b41",
                "network_name": "network",
                "passthrough": "",
                "vepa": "",
                "wait_for_lease": false
              }
            ],
            "nvram": null,
            "qemu_agent": false,
            "running": true,
            "timeouts": null,
            "tpm": [],
            "type": "kvm",
            "vcpu": 2,
            "video": [],
            "xml": []
          },
          "private": "eyJlMmJmYjczMC1lY2FhLTExZTYtOGY4OC0zNDM2M2JjN2M0YzAiOnsiY3JlYXRlIjozMDAwMDAwMDAwMDB9fQ==",
          "dependencies": [
            "data.template_file.network_config",
            "data.template_file.user_data",
            "libvirt_cloudinit_disk.commoninit",
            "libvirt_volume.base",
            "libvirt_volume.qcow2"
          ]
        },
        {
          "index_key": "vm3",
          "schema_version": 0,
          "attributes": {
            "arch": "x86_64",
            "autostart": false,
            "boot_device": [],
            "cloudinit": "/var/lib/libvirt/images/cloudinit-vm3.iso;f598874f-8661-40f9-aca7-9dce23549d6a",
            "cmdline": null,
            "console": [
              {
                "source_host": "127.0.0.1",
                "source_path": "",
                "source_service": "0",
                "target_port": "0",
                "target_type": "virtio",
                "type": "pty"
              }
            ],
            "coreos_ignition": null,
            "cpu": [
              {
                "mode": "custom"
              }
            ],
            "description": "",
            "disk": [
              {
                "block_device": "",
                "file": "",
                "scsi": false,
                "url": "",
                "volume_id": "/var/lib/libvirt/images/vm3.qcow2",
                "wwn": ""
              }
            ],
            "emulator": "/usr/bin/qemu-system-x86_64",
            "filesystem": [],
            "firmware": null,
            "fw_cfg_name": "opt/com.coreos/config",
            "graphics": [
              {
                "autoport": true,
                "listen_address": "127.0.0.1",
                "listen_type": "address",
                "type": "spice",
                "websocket": 0
              }
            ],
            "id": "9c002d2e-94dc-4688-9f7c-adcf7713730e",
            "initrd": "",
            "kernel": "",
            "machine": "pc",
            "memory": 2048,
            "metadata": null,
            "name": "vm3",
            "network_interface": [
              {
                "addresses": [],
                "bridge": "",
                "hostname": "",
                "mac": "52:54:00:F2:56:1A",
                "macvtap": "",
                "network_id": "cf2cbda1-529f-4031-910c-15e5bf211b41",
                "network_name": "network",
                "passthrough": "",
                "vepa": "",
                "wait_for_lease": false
              }
            ],
            "nvram": null,
            "qemu_agent": false,
            "running": true,
            "timeouts": null,
            "tpm": [],
            "type": "kvm",
            "vcpu": 2,
            "video": [],
            "xml": []
          },
          "private": "eyJlMmJmYjczMC1lY2FhLTExZTYtOGY4OC0zNDM2M2JjN2M0YzAiOnsiY3JlYXRlIjozMDAwMDAwMDAwMDB9fQ==",
          "dependencies": [
            "data.template_file.network_config",
            "data.template_file.user_data",
            "libvirt_cloudinit_disk.commoninit",
            "libvirt_volume.base",
            "libvirt_volume.qcow2"
          ]
        }
      ]
    },
    {
      "mode": "managed",
      "type": "libvirt_volume",
      "name": "base",
      "provider": "provider[\"registry.terraform.io/dmacvicar/libvirt\"]",
      "instances": [
        {
          "schema_version": 0,
          "attributes": {
            "base_volume_id": null,
            "base_volume_name": null,
            "base_volume_pool": null,
            "format": "qcow2",
            "id": "/var/lib/libvirt/images/base",
            "name": "base",
            "pool": "default",
            "size": 2361393152,
            "source": "file:///mnt/win/install/ubuntu/ubuntu-22.04-server-cloudimg-amd64.img",
            "xml": []
          },
          "private": "bnVsbA=="
        }
      ]
    },
    {
      "mode": "managed",
      "type": "libvirt_volume",
      "name": "qcow2",
      "provider": "provider[\"registry.terraform.io/dmacvicar/libvirt\"]",
      "instances": [
        {
          "index_key": "vm1",
          "schema_version": 0,
          "attributes": {
            "base_volume_id": "/var/lib/libvirt/images/base",
            "base_volume_name": null,
            "base_volume_pool": null,
            "format": "qcow2",
            "id": "/var/lib/libvirt/images/vm1.qcow2",
            "name": "vm1.qcow2",
            "pool": "default",
            "size": 107374182400,
            "source": null,
            "xml": []
          },
          "private": "bnVsbA==",
          "dependencies": [
            "libvirt_volume.base"
          ]
        },
        {
          "index_key": "vm2",
          "schema_version": 0,
          "attributes": {
            "base_volume_id": "/var/lib/libvirt/images/base",
            "base_volume_name": null,
            "base_volume_pool": null,
            "format": "qcow2",
            "id": "/var/lib/libvirt/images/vm2.qcow2",
            "name": "vm2.qcow2",
            "pool": "default",
            "size": 107374182400,
            "source": null,
            "xml": []
          },
          "private": "bnVsbA==",
          "dependencies": [
            "libvirt_volume.base"
          ]
        },
        {
          "index_key": "vm3",
          "schema_version": 0,
          "attributes": {
            "base_volume_id": "/var/lib/libvirt/images/base",
            "base_volume_name": null,
            "base_volume_pool": null,
            "format": "qcow2",
            "id": "/var/lib/libvirt/images/vm3.qcow2",
            "name": "vm3.qcow2",
            "pool": "default",
            "size": 107374182400,
            "source": null,
            "xml": []
          },
          "private": "bnVsbA==",
          "dependencies": [
            "libvirt_volume.base"
          ]
        }
      ]
    }
  ]
}
