{
  "version": 4,
  "terraform_version": "0.13.3",
  "serial": 835,
  "lineage": "cd64c168-59d6-3dfb-9e57-bc44d7f1c8c6",
  "outputs": {},
  "resources": [
    {
      "mode": "data",
      "type": "template_file",
      "name": "network_config",
      "provider": "provider[\"registry.terraform.io/hashicorp/template\"]",
      "instances": [
        {
          "index_key": "agent1",
          "schema_version": 0,
          "attributes": {
            "filename": null,
            "id": "0b94a3d7891fa97aaf4d92bf2966d28d27f84ab0f8b0f6b9d2beb2dfb1e07e43",
            "rendered": "version : 2\nrenderer: networkd\nethernets :\n    ens3:\n        dhcp4: no\n        addresses: [192.168.100.20/24]\n        gateway4: 192.168.100.1\n        nameservers:\n            addresses: [192.168.100.1]\n",
            "template": "version : 2\nrenderer: networkd\nethernets :\n    ens3:\n        dhcp4: no\n        addresses: [${ip}/24]\n        gateway4: 192.168.100.1\n        nameservers:\n            addresses: [192.168.100.1]\n",
            "vars": {
              "ip": "192.168.100.20"
            }
          }
        },
        {
          "index_key": "agent2",
          "schema_version": 0,
          "attributes": {
            "filename": null,
            "id": "5da4639dd2485238e076983f401393f9e16dc1efecc5de3885b4bb9b54582afd",
            "rendered": "version : 2\nrenderer: networkd\nethernets :\n    ens3:\n        dhcp4: no\n        addresses: [192.168.100.21/24]\n        gateway4: 192.168.100.1\n        nameservers:\n            addresses: [192.168.100.1]\n",
            "template": "version : 2\nrenderer: networkd\nethernets :\n    ens3:\n        dhcp4: no\n        addresses: [${ip}/24]\n        gateway4: 192.168.100.1\n        nameservers:\n            addresses: [192.168.100.1]\n",
            "vars": {
              "ip": "192.168.100.21"
            }
          }
        },
        {
          "index_key": "agent3",
          "schema_version": 0,
          "attributes": {
            "filename": null,
            "id": "22dc9fcd6ff1b9aeea4373c3e4e5d47ae65c197979f09f6e044b8a7afb1f9d8f",
            "rendered": "version : 2\nrenderer: networkd\nethernets :\n    ens3:\n        dhcp4: no\n        addresses: [192.168.100.22/24]\n        gateway4: 192.168.100.1\n        nameservers:\n            addresses: [192.168.100.1]\n",
            "template": "version : 2\nrenderer: networkd\nethernets :\n    ens3:\n        dhcp4: no\n        addresses: [${ip}/24]\n        gateway4: 192.168.100.1\n        nameservers:\n            addresses: [192.168.100.1]\n",
            "vars": {
              "ip": "192.168.100.22"
            }
          }
        },
        {
          "index_key": "server1",
          "schema_version": 0,
          "attributes": {
            "filename": null,
            "id": "dd19cb3c4e5c747473320a53896ad956baf8d27f9cd7b3ccb3b2b8b7d7cc4ae5",
            "rendered": "version : 2\nrenderer: networkd\nethernets :\n    ens3:\n        dhcp4: no\n        addresses: [192.168.100.10/24]\n        gateway4: 192.168.100.1\n        nameservers:\n            addresses: [192.168.100.1]\n",
            "template": "version : 2\nrenderer: networkd\nethernets :\n    ens3:\n        dhcp4: no\n        addresses: [${ip}/24]\n        gateway4: 192.168.100.1\n        nameservers:\n            addresses: [192.168.100.1]\n",
            "vars": {
              "ip": "192.168.100.10"
            }
          }
        },
        {
          "index_key": "server2",
          "schema_version": 0,
          "attributes": {
            "filename": null,
            "id": "77a9ae0f7a33448e31421ae3d537b7d28be2d49e93386ed230694ed27c4f2a57",
            "rendered": "version : 2\nrenderer: networkd\nethernets :\n    ens3:\n        dhcp4: no\n        addresses: [192.168.100.11/24]\n        gateway4: 192.168.100.1\n        nameservers:\n            addresses: [192.168.100.1]\n",
            "template": "version : 2\nrenderer: networkd\nethernets :\n    ens3:\n        dhcp4: no\n        addresses: [${ip}/24]\n        gateway4: 192.168.100.1\n        nameservers:\n            addresses: [192.168.100.1]\n",
            "vars": {
              "ip": "192.168.100.11"
            }
          }
        },
        {
          "index_key": "server3",
          "schema_version": 0,
          "attributes": {
            "filename": null,
            "id": "fdff93e994b7fe405b79c4cc5cd7f43be7035d1f75564bdf5995cf6e8a152ced",
            "rendered": "version : 2\nrenderer: networkd\nethernets :\n    ens3:\n        dhcp4: no\n        addresses: [192.168.100.12/24]\n        gateway4: 192.168.100.1\n        nameservers:\n            addresses: [192.168.100.1]\n",
            "template": "version : 2\nrenderer: networkd\nethernets :\n    ens3:\n        dhcp4: no\n        addresses: [${ip}/24]\n        gateway4: 192.168.100.1\n        nameservers:\n            addresses: [192.168.100.1]\n",
            "vars": {
              "ip": "192.168.100.12"
            }
          }
        }
      ]
    },
    {
      "mode": "data",
      "type": "template_file",
      "name": "user_data",
      "provider": "provider[\"registry.terraform.io/hashicorp/template\"]",
      "instances": [
        {
          "index_key": "agent1",
          "schema_version": 0,
          "attributes": {
            "filename": null,
            "id": "f9a9126fe506c4676553eb70acf849154a0b987a818bc00d33734a3f5ea9dcba",
            "rendered": "#cloud-config\nusers:\n  - name: root\n    sudo: ALL=(ALL) NOPASSWD:ALL\n    shell: /bin/bash\n    ssh_authorized_keys:\n      - ssh-rsa AAAAB3NzaC1yc2EAAAADAQABAAABAQCzrm/GOdEG+wp5I6Ntl/CL4zuJpJtz5nm+/g4pZ8wexh1pz76n4m+tyae151GplYa+b2FIId8o3vgF8BTZv2O9qlPNEA0WM0j4uVhSP+MIAsb4WEvFxAeZbt/GiGUCLNvRGzJFL9oI6z8A0nCzYd+/gA1G/dOkELmkGnt/y3FcFjcafWJPqGxLTUIWRIXo0CJjRl0/DvMAxdlQILdiYInUQbSZIKg2pQiCopid0PoO3I/dW8hAi0zeP0rvGjDZ2JfhAikPH2FkCeMcnnh2Hn1SXGr/ijRTvfHLK9YPxpKeiifEaE6vSSOncaMi9N+6uDLUxVINVf5ur30ymnamISv1 igor@ivagulin-pc.localdomain\n\ngrowpart:\n  devices: [ / ]\n  mode: auto\n\nhostname: agent1\n\n# 1q2w3e\n#    passwd: $5$R068zJeQrw6uAHY6$e4S0e4KwJqjbQEF4VqH2Lvrn9EFuo8vOtSPvpiiT4J6\n",
            "template": "#cloud-config\nusers:\n  - name: root\n    sudo: ALL=(ALL) NOPASSWD:ALL\n    shell: /bin/bash\n    ssh_authorized_keys:\n      - ssh-rsa AAAAB3NzaC1yc2EAAAADAQABAAABAQCzrm/GOdEG+wp5I6Ntl/CL4zuJpJtz5nm+/g4pZ8wexh1pz76n4m+tyae151GplYa+b2FIId8o3vgF8BTZv2O9qlPNEA0WM0j4uVhSP+MIAsb4WEvFxAeZbt/GiGUCLNvRGzJFL9oI6z8A0nCzYd+/gA1G/dOkELmkGnt/y3FcFjcafWJPqGxLTUIWRIXo0CJjRl0/DvMAxdlQILdiYInUQbSZIKg2pQiCopid0PoO3I/dW8hAi0zeP0rvGjDZ2JfhAikPH2FkCeMcnnh2Hn1SXGr/ijRTvfHLK9YPxpKeiifEaE6vSSOncaMi9N+6uDLUxVINVf5ur30ymnamISv1 igor@ivagulin-pc.localdomain\n\ngrowpart:\n  devices: [ / ]\n  mode: auto\n\nhostname: ${hostname}\n\n# 1q2w3e\n#    passwd: $5$R068zJeQrw6uAHY6$e4S0e4KwJqjbQEF4VqH2Lvrn9EFuo8vOtSPvpiiT4J6\n",
            "vars": {
              "hostname": "agent1"
            }
          }
        },
        {
          "index_key": "agent2",
          "schema_version": 0,
          "attributes": {
            "filename": null,
            "id": "dd79c62c2c17251440d4fd517f1f0c6e39b42f48e0c424d984ba6720fc336c84",
            "rendered": "#cloud-config\nusers:\n  - name: root\n    sudo: ALL=(ALL) NOPASSWD:ALL\n    shell: /bin/bash\n    ssh_authorized_keys:\n      - ssh-rsa AAAAB3NzaC1yc2EAAAADAQABAAABAQCzrm/GOdEG+wp5I6Ntl/CL4zuJpJtz5nm+/g4pZ8wexh1pz76n4m+tyae151GplYa+b2FIId8o3vgF8BTZv2O9qlPNEA0WM0j4uVhSP+MIAsb4WEvFxAeZbt/GiGUCLNvRGzJFL9oI6z8A0nCzYd+/gA1G/dOkELmkGnt/y3FcFjcafWJPqGxLTUIWRIXo0CJjRl0/DvMAxdlQILdiYInUQbSZIKg2pQiCopid0PoO3I/dW8hAi0zeP0rvGjDZ2JfhAikPH2FkCeMcnnh2Hn1SXGr/ijRTvfHLK9YPxpKeiifEaE6vSSOncaMi9N+6uDLUxVINVf5ur30ymnamISv1 igor@ivagulin-pc.localdomain\n\ngrowpart:\n  devices: [ / ]\n  mode: auto\n\nhostname: agent2\n\n# 1q2w3e\n#    passwd: $5$R068zJeQrw6uAHY6$e4S0e4KwJqjbQEF4VqH2Lvrn9EFuo8vOtSPvpiiT4J6\n",
            "template": "#cloud-config\nusers:\n  - name: root\n    sudo: ALL=(ALL) NOPASSWD:ALL\n    shell: /bin/bash\n    ssh_authorized_keys:\n      - ssh-rsa AAAAB3NzaC1yc2EAAAADAQABAAABAQCzrm/GOdEG+wp5I6Ntl/CL4zuJpJtz5nm+/g4pZ8wexh1pz76n4m+tyae151GplYa+b2FIId8o3vgF8BTZv2O9qlPNEA0WM0j4uVhSP+MIAsb4WEvFxAeZbt/GiGUCLNvRGzJFL9oI6z8A0nCzYd+/gA1G/dOkELmkGnt/y3FcFjcafWJPqGxLTUIWRIXo0CJjRl0/DvMAxdlQILdiYInUQbSZIKg2pQiCopid0PoO3I/dW8hAi0zeP0rvGjDZ2JfhAikPH2FkCeMcnnh2Hn1SXGr/ijRTvfHLK9YPxpKeiifEaE6vSSOncaMi9N+6uDLUxVINVf5ur30ymnamISv1 igor@ivagulin-pc.localdomain\n\ngrowpart:\n  devices: [ / ]\n  mode: auto\n\nhostname: ${hostname}\n\n# 1q2w3e\n#    passwd: $5$R068zJeQrw6uAHY6$e4S0e4KwJqjbQEF4VqH2Lvrn9EFuo8vOtSPvpiiT4J6\n",
            "vars": {
              "hostname": "agent2"
            }
          }
        },
        {
          "index_key": "agent3",
          "schema_version": 0,
          "attributes": {
            "filename": null,
            "id": "10e5c567e4f635aac121daba7ede1d987761bffee1789272ab511a72dbb1e252",
            "rendered": "#cloud-config\nusers:\n  - name: root\n    sudo: ALL=(ALL) NOPASSWD:ALL\n    shell: /bin/bash\n    ssh_authorized_keys:\n      - ssh-rsa AAAAB3NzaC1yc2EAAAADAQABAAABAQCzrm/GOdEG+wp5I6Ntl/CL4zuJpJtz5nm+/g4pZ8wexh1pz76n4m+tyae151GplYa+b2FIId8o3vgF8BTZv2O9qlPNEA0WM0j4uVhSP+MIAsb4WEvFxAeZbt/GiGUCLNvRGzJFL9oI6z8A0nCzYd+/gA1G/dOkELmkGnt/y3FcFjcafWJPqGxLTUIWRIXo0CJjRl0/DvMAxdlQILdiYInUQbSZIKg2pQiCopid0PoO3I/dW8hAi0zeP0rvGjDZ2JfhAikPH2FkCeMcnnh2Hn1SXGr/ijRTvfHLK9YPxpKeiifEaE6vSSOncaMi9N+6uDLUxVINVf5ur30ymnamISv1 igor@ivagulin-pc.localdomain\n\ngrowpart:\n  devices: [ / ]\n  mode: auto\n\nhostname: agent3\n\n# 1q2w3e\n#    passwd: $5$R068zJeQrw6uAHY6$e4S0e4KwJqjbQEF4VqH2Lvrn9EFuo8vOtSPvpiiT4J6\n",
            "template": "#cloud-config\nusers:\n  - name: root\n    sudo: ALL=(ALL) NOPASSWD:ALL\n    shell: /bin/bash\n    ssh_authorized_keys:\n      - ssh-rsa AAAAB3NzaC1yc2EAAAADAQABAAABAQCzrm/GOdEG+wp5I6Ntl/CL4zuJpJtz5nm+/g4pZ8wexh1pz76n4m+tyae151GplYa+b2FIId8o3vgF8BTZv2O9qlPNEA0WM0j4uVhSP+MIAsb4WEvFxAeZbt/GiGUCLNvRGzJFL9oI6z8A0nCzYd+/gA1G/dOkELmkGnt/y3FcFjcafWJPqGxLTUIWRIXo0CJjRl0/DvMAxdlQILdiYInUQbSZIKg2pQiCopid0PoO3I/dW8hAi0zeP0rvGjDZ2JfhAikPH2FkCeMcnnh2Hn1SXGr/ijRTvfHLK9YPxpKeiifEaE6vSSOncaMi9N+6uDLUxVINVf5ur30ymnamISv1 igor@ivagulin-pc.localdomain\n\ngrowpart:\n  devices: [ / ]\n  mode: auto\n\nhostname: ${hostname}\n\n# 1q2w3e\n#    passwd: $5$R068zJeQrw6uAHY6$e4S0e4KwJqjbQEF4VqH2Lvrn9EFuo8vOtSPvpiiT4J6\n",
            "vars": {
              "hostname": "agent3"
            }
          }
        },
        {
          "index_key": "server1",
          "schema_version": 0,
          "attributes": {
            "filename": null,
            "id": "51dc619b2f6bbd2e83aa2b7273706364d3f0a3e01a34cdd8900fbbf15c128488",
            "rendered": "#cloud-config\nusers:\n  - name: root\n    sudo: ALL=(ALL) NOPASSWD:ALL\n    shell: /bin/bash\n    ssh_authorized_keys:\n      - ssh-rsa AAAAB3NzaC1yc2EAAAADAQABAAABAQCzrm/GOdEG+wp5I6Ntl/CL4zuJpJtz5nm+/g4pZ8wexh1pz76n4m+tyae151GplYa+b2FIId8o3vgF8BTZv2O9qlPNEA0WM0j4uVhSP+MIAsb4WEvFxAeZbt/GiGUCLNvRGzJFL9oI6z8A0nCzYd+/gA1G/dOkELmkGnt/y3FcFjcafWJPqGxLTUIWRIXo0CJjRl0/DvMAxdlQILdiYInUQbSZIKg2pQiCopid0PoO3I/dW8hAi0zeP0rvGjDZ2JfhAikPH2FkCeMcnnh2Hn1SXGr/ijRTvfHLK9YPxpKeiifEaE6vSSOncaMi9N+6uDLUxVINVf5ur30ymnamISv1 igor@ivagulin-pc.localdomain\n\ngrowpart:\n  devices: [ / ]\n  mode: auto\n\nhostname: server1\n\n# 1q2w3e\n#    passwd: $5$R068zJeQrw6uAHY6$e4S0e4KwJqjbQEF4VqH2Lvrn9EFuo8vOtSPvpiiT4J6\n",
            "template": "#cloud-config\nusers:\n  - name: root\n    sudo: ALL=(ALL) NOPASSWD:ALL\n    shell: /bin/bash\n    ssh_authorized_keys:\n      - ssh-rsa AAAAB3NzaC1yc2EAAAADAQABAAABAQCzrm/GOdEG+wp5I6Ntl/CL4zuJpJtz5nm+/g4pZ8wexh1pz76n4m+tyae151GplYa+b2FIId8o3vgF8BTZv2O9qlPNEA0WM0j4uVhSP+MIAsb4WEvFxAeZbt/GiGUCLNvRGzJFL9oI6z8A0nCzYd+/gA1G/dOkELmkGnt/y3FcFjcafWJPqGxLTUIWRIXo0CJjRl0/DvMAxdlQILdiYInUQbSZIKg2pQiCopid0PoO3I/dW8hAi0zeP0rvGjDZ2JfhAikPH2FkCeMcnnh2Hn1SXGr/ijRTvfHLK9YPxpKeiifEaE6vSSOncaMi9N+6uDLUxVINVf5ur30ymnamISv1 igor@ivagulin-pc.localdomain\n\ngrowpart:\n  devices: [ / ]\n  mode: auto\n\nhostname: ${hostname}\n\n# 1q2w3e\n#    passwd: $5$R068zJeQrw6uAHY6$e4S0e4KwJqjbQEF4VqH2Lvrn9EFuo8vOtSPvpiiT4J6\n",
            "vars": {
              "hostname": "server1"
            }
          }
        },
        {
          "index_key": "server2",
          "schema_version": 0,
          "attributes": {
            "filename": null,
            "id": "844d4ba8f08b46f9d4b22051abdb4c5634a6e84c1afd6218a3b7048a29cb16d1",
            "rendered": "#cloud-config\nusers:\n  - name: root\n    sudo: ALL=(ALL) NOPASSWD:ALL\n    shell: /bin/bash\n    ssh_authorized_keys:\n      - ssh-rsa AAAAB3NzaC1yc2EAAAADAQABAAABAQCzrm/GOdEG+wp5I6Ntl/CL4zuJpJtz5nm+/g4pZ8wexh1pz76n4m+tyae151GplYa+b2FIId8o3vgF8BTZv2O9qlPNEA0WM0j4uVhSP+MIAsb4WEvFxAeZbt/GiGUCLNvRGzJFL9oI6z8A0nCzYd+/gA1G/dOkELmkGnt/y3FcFjcafWJPqGxLTUIWRIXo0CJjRl0/DvMAxdlQILdiYInUQbSZIKg2pQiCopid0PoO3I/dW8hAi0zeP0rvGjDZ2JfhAikPH2FkCeMcnnh2Hn1SXGr/ijRTvfHLK9YPxpKeiifEaE6vSSOncaMi9N+6uDLUxVINVf5ur30ymnamISv1 igor@ivagulin-pc.localdomain\n\ngrowpart:\n  devices: [ / ]\n  mode: auto\n\nhostname: server2\n\n# 1q2w3e\n#    passwd: $5$R068zJeQrw6uAHY6$e4S0e4KwJqjbQEF4VqH2Lvrn9EFuo8vOtSPvpiiT4J6\n",
            "template": "#cloud-config\nusers:\n  - name: root\n    sudo: ALL=(ALL) NOPASSWD:ALL\n    shell: /bin/bash\n    ssh_authorized_keys:\n      - ssh-rsa AAAAB3NzaC1yc2EAAAADAQABAAABAQCzrm/GOdEG+wp5I6Ntl/CL4zuJpJtz5nm+/g4pZ8wexh1pz76n4m+tyae151GplYa+b2FIId8o3vgF8BTZv2O9qlPNEA0WM0j4uVhSP+MIAsb4WEvFxAeZbt/GiGUCLNvRGzJFL9oI6z8A0nCzYd+/gA1G/dOkELmkGnt/y3FcFjcafWJPqGxLTUIWRIXo0CJjRl0/DvMAxdlQILdiYInUQbSZIKg2pQiCopid0PoO3I/dW8hAi0zeP0rvGjDZ2JfhAikPH2FkCeMcnnh2Hn1SXGr/ijRTvfHLK9YPxpKeiifEaE6vSSOncaMi9N+6uDLUxVINVf5ur30ymnamISv1 igor@ivagulin-pc.localdomain\n\ngrowpart:\n  devices: [ / ]\n  mode: auto\n\nhostname: ${hostname}\n\n# 1q2w3e\n#    passwd: $5$R068zJeQrw6uAHY6$e4S0e4KwJqjbQEF4VqH2Lvrn9EFuo8vOtSPvpiiT4J6\n",
            "vars": {
              "hostname": "server2"
            }
          }
        },
        {
          "index_key": "server3",
          "schema_version": 0,
          "attributes": {
            "filename": null,
            "id": "7ab2fff7c1c87dd3a38465e3fdb351c594cbc93227a3684f2776a8d5d638e7f0",
            "rendered": "#cloud-config\nusers:\n  - name: root\n    sudo: ALL=(ALL) NOPASSWD:ALL\n    shell: /bin/bash\n    ssh_authorized_keys:\n      - ssh-rsa AAAAB3NzaC1yc2EAAAADAQABAAABAQCzrm/GOdEG+wp5I6Ntl/CL4zuJpJtz5nm+/g4pZ8wexh1pz76n4m+tyae151GplYa+b2FIId8o3vgF8BTZv2O9qlPNEA0WM0j4uVhSP+MIAsb4WEvFxAeZbt/GiGUCLNvRGzJFL9oI6z8A0nCzYd+/gA1G/dOkELmkGnt/y3FcFjcafWJPqGxLTUIWRIXo0CJjRl0/DvMAxdlQILdiYInUQbSZIKg2pQiCopid0PoO3I/dW8hAi0zeP0rvGjDZ2JfhAikPH2FkCeMcnnh2Hn1SXGr/ijRTvfHLK9YPxpKeiifEaE6vSSOncaMi9N+6uDLUxVINVf5ur30ymnamISv1 igor@ivagulin-pc.localdomain\n\ngrowpart:\n  devices: [ / ]\n  mode: auto\n\nhostname: server3\n\n# 1q2w3e\n#    passwd: $5$R068zJeQrw6uAHY6$e4S0e4KwJqjbQEF4VqH2Lvrn9EFuo8vOtSPvpiiT4J6\n",
            "template": "#cloud-config\nusers:\n  - name: root\n    sudo: ALL=(ALL) NOPASSWD:ALL\n    shell: /bin/bash\n    ssh_authorized_keys:\n      - ssh-rsa AAAAB3NzaC1yc2EAAAADAQABAAABAQCzrm/GOdEG+wp5I6Ntl/CL4zuJpJtz5nm+/g4pZ8wexh1pz76n4m+tyae151GplYa+b2FIId8o3vgF8BTZv2O9qlPNEA0WM0j4uVhSP+MIAsb4WEvFxAeZbt/GiGUCLNvRGzJFL9oI6z8A0nCzYd+/gA1G/dOkELmkGnt/y3FcFjcafWJPqGxLTUIWRIXo0CJjRl0/DvMAxdlQILdiYInUQbSZIKg2pQiCopid0PoO3I/dW8hAi0zeP0rvGjDZ2JfhAikPH2FkCeMcnnh2Hn1SXGr/ijRTvfHLK9YPxpKeiifEaE6vSSOncaMi9N+6uDLUxVINVf5ur30ymnamISv1 igor@ivagulin-pc.localdomain\n\ngrowpart:\n  devices: [ / ]\n  mode: auto\n\nhostname: ${hostname}\n\n# 1q2w3e\n#    passwd: $5$R068zJeQrw6uAHY6$e4S0e4KwJqjbQEF4VqH2Lvrn9EFuo8vOtSPvpiiT4J6\n",
            "vars": {
              "hostname": "server3"
            }
          }
        }
      ]
    },
    {
      "mode": "managed",
      "type": "libvirt_cloudinit_disk",
      "name": "commoninit",
      "provider": "provider[\"registry.terraform.io/dmacvicar/libvirt\"]",
      "instances": [
        {
          "index_key": "agent1",
          "schema_version": 0,
          "attributes": {
            "id": "/var/lib/libvirt/images/cloudinit-agent1.iso;0333c56a-a859-474e-9e34-79ac5e63e355",
            "meta_data": "",
            "name": "cloudinit-agent1.iso",
            "network_config": "version : 2\nrenderer: networkd\nethernets :\n    ens3:\n        dhcp4: no\n        addresses: [192.168.100.20/24]\n        gateway4: 192.168.100.1\n        nameservers:\n            addresses: [192.168.100.1]\n",
            "pool": "default",
            "user_data": "#cloud-config\nusers:\n  - name: root\n    sudo: ALL=(ALL) NOPASSWD:ALL\n    shell: /bin/bash\n    ssh_authorized_keys:\n      - ssh-rsa AAAAB3NzaC1yc2EAAAADAQABAAABAQCzrm/GOdEG+wp5I6Ntl/CL4zuJpJtz5nm+/g4pZ8wexh1pz76n4m+tyae151GplYa+b2FIId8o3vgF8BTZv2O9qlPNEA0WM0j4uVhSP+MIAsb4WEvFxAeZbt/GiGUCLNvRGzJFL9oI6z8A0nCzYd+/gA1G/dOkELmkGnt/y3FcFjcafWJPqGxLTUIWRIXo0CJjRl0/DvMAxdlQILdiYInUQbSZIKg2pQiCopid0PoO3I/dW8hAi0zeP0rvGjDZ2JfhAikPH2FkCeMcnnh2Hn1SXGr/ijRTvfHLK9YPxpKeiifEaE6vSSOncaMi9N+6uDLUxVINVf5ur30ymnamISv1 igor@ivagulin-pc.localdomain\n\ngrowpart:\n  devices: [ / ]\n  mode: auto\n\nhostname: agent1\n\n# 1q2w3e\n#    passwd: $5$R068zJeQrw6uAHY6$e4S0e4KwJqjbQEF4VqH2Lvrn9EFuo8vOtSPvpiiT4J6\n"
          },
          "private": "bnVsbA==",
          "dependencies": [
            "data.template_file.network_config",
            "data.template_file.user_data"
          ]
        },
        {
          "index_key": "agent2",
          "schema_version": 0,
          "attributes": {
            "id": "/var/lib/libvirt/images/cloudinit-agent2.iso;a21d995a-d12b-48ab-9b18-b634bf4c6e63",
            "meta_data": "",
            "name": "cloudinit-agent2.iso",
            "network_config": "version : 2\nrenderer: networkd\nethernets :\n    ens3:\n        dhcp4: no\n        addresses: [192.168.100.21/24]\n        gateway4: 192.168.100.1\n        nameservers:\n            addresses: [192.168.100.1]\n",
            "pool": "default",
            "user_data": "#cloud-config\nusers:\n  - name: root\n    sudo: ALL=(ALL) NOPASSWD:ALL\n    shell: /bin/bash\n    ssh_authorized_keys:\n      - ssh-rsa AAAAB3NzaC1yc2EAAAADAQABAAABAQCzrm/GOdEG+wp5I6Ntl/CL4zuJpJtz5nm+/g4pZ8wexh1pz76n4m+tyae151GplYa+b2FIId8o3vgF8BTZv2O9qlPNEA0WM0j4uVhSP+MIAsb4WEvFxAeZbt/GiGUCLNvRGzJFL9oI6z8A0nCzYd+/gA1G/dOkELmkGnt/y3FcFjcafWJPqGxLTUIWRIXo0CJjRl0/DvMAxdlQILdiYInUQbSZIKg2pQiCopid0PoO3I/dW8hAi0zeP0rvGjDZ2JfhAikPH2FkCeMcnnh2Hn1SXGr/ijRTvfHLK9YPxpKeiifEaE6vSSOncaMi9N+6uDLUxVINVf5ur30ymnamISv1 igor@ivagulin-pc.localdomain\n\ngrowpart:\n  devices: [ / ]\n  mode: auto\n\nhostname: agent2\n\n# 1q2w3e\n#    passwd: $5$R068zJeQrw6uAHY6$e4S0e4KwJqjbQEF4VqH2Lvrn9EFuo8vOtSPvpiiT4J6\n"
          },
          "private": "bnVsbA==",
          "dependencies": [
            "data.template_file.network_config",
            "data.template_file.user_data"
          ]
        },
        {
          "index_key": "agent3",
          "schema_version": 0,
          "attributes": {
            "id": "/var/lib/libvirt/images/cloudinit-agent3.iso;83db4384-b918-42df-8a5c-a0bd2ada8eb6",
            "meta_data": "",
            "name": "cloudinit-agent3.iso",
            "network_config": "version : 2\nrenderer: networkd\nethernets :\n    ens3:\n        dhcp4: no\n        addresses: [192.168.100.22/24]\n        gateway4: 192.168.100.1\n        nameservers:\n            addresses: [192.168.100.1]\n",
            "pool": "default",
            "user_data": "#cloud-config\nusers:\n  - name: root\n    sudo: ALL=(ALL) NOPASSWD:ALL\n    shell: /bin/bash\n    ssh_authorized_keys:\n      - ssh-rsa AAAAB3NzaC1yc2EAAAADAQABAAABAQCzrm/GOdEG+wp5I6Ntl/CL4zuJpJtz5nm+/g4pZ8wexh1pz76n4m+tyae151GplYa+b2FIId8o3vgF8BTZv2O9qlPNEA0WM0j4uVhSP+MIAsb4WEvFxAeZbt/GiGUCLNvRGzJFL9oI6z8A0nCzYd+/gA1G/dOkELmkGnt/y3FcFjcafWJPqGxLTUIWRIXo0CJjRl0/DvMAxdlQILdiYInUQbSZIKg2pQiCopid0PoO3I/dW8hAi0zeP0rvGjDZ2JfhAikPH2FkCeMcnnh2Hn1SXGr/ijRTvfHLK9YPxpKeiifEaE6vSSOncaMi9N+6uDLUxVINVf5ur30ymnamISv1 igor@ivagulin-pc.localdomain\n\ngrowpart:\n  devices: [ / ]\n  mode: auto\n\nhostname: agent3\n\n# 1q2w3e\n#    passwd: $5$R068zJeQrw6uAHY6$e4S0e4KwJqjbQEF4VqH2Lvrn9EFuo8vOtSPvpiiT4J6\n"
          },
          "private": "bnVsbA==",
          "dependencies": [
            "data.template_file.network_config",
            "data.template_file.user_data"
          ]
        },
        {
          "index_key": "server1",
          "schema_version": 0,
          "attributes": {
            "id": "/var/lib/libvirt/images/cloudinit-server1.iso;fbc082d3-ccf8-4902-b552-998cb73dcfdc",
            "meta_data": "",
            "name": "cloudinit-server1.iso",
            "network_config": "version : 2\nrenderer: networkd\nethernets :\n    ens3:\n        dhcp4: no\n        addresses: [192.168.100.10/24]\n        gateway4: 192.168.100.1\n        nameservers:\n            addresses: [192.168.100.1]\n",
            "pool": "default",
            "user_data": "#cloud-config\nusers:\n  - name: root\n    sudo: ALL=(ALL) NOPASSWD:ALL\n    shell: /bin/bash\n    ssh_authorized_keys:\n      - ssh-rsa AAAAB3NzaC1yc2EAAAADAQABAAABAQCzrm/GOdEG+wp5I6Ntl/CL4zuJpJtz5nm+/g4pZ8wexh1pz76n4m+tyae151GplYa+b2FIId8o3vgF8BTZv2O9qlPNEA0WM0j4uVhSP+MIAsb4WEvFxAeZbt/GiGUCLNvRGzJFL9oI6z8A0nCzYd+/gA1G/dOkELmkGnt/y3FcFjcafWJPqGxLTUIWRIXo0CJjRl0/DvMAxdlQILdiYInUQbSZIKg2pQiCopid0PoO3I/dW8hAi0zeP0rvGjDZ2JfhAikPH2FkCeMcnnh2Hn1SXGr/ijRTvfHLK9YPxpKeiifEaE6vSSOncaMi9N+6uDLUxVINVf5ur30ymnamISv1 igor@ivagulin-pc.localdomain\n\ngrowpart:\n  devices: [ / ]\n  mode: auto\n\nhostname: server1\n\n# 1q2w3e\n#    passwd: $5$R068zJeQrw6uAHY6$e4S0e4KwJqjbQEF4VqH2Lvrn9EFuo8vOtSPvpiiT4J6\n"
          },
          "private": "bnVsbA==",
          "dependencies": [
            "data.template_file.network_config",
            "data.template_file.user_data"
          ]
        },
        {
          "index_key": "server2",
          "schema_version": 0,
          "attributes": {
            "id": "/var/lib/libvirt/images/cloudinit-server2.iso;9d4124c5-2390-4425-88ac-f778cb81f0ff",
            "meta_data": "",
            "name": "cloudinit-server2.iso",
            "network_config": "version : 2\nrenderer: networkd\nethernets :\n    ens3:\n        dhcp4: no\n        addresses: [192.168.100.11/24]\n        gateway4: 192.168.100.1\n        nameservers:\n            addresses: [192.168.100.1]\n",
            "pool": "default",
            "user_data": "#cloud-config\nusers:\n  - name: root\n    sudo: ALL=(ALL) NOPASSWD:ALL\n    shell: /bin/bash\n    ssh_authorized_keys:\n      - ssh-rsa AAAAB3NzaC1yc2EAAAADAQABAAABAQCzrm/GOdEG+wp5I6Ntl/CL4zuJpJtz5nm+/g4pZ8wexh1pz76n4m+tyae151GplYa+b2FIId8o3vgF8BTZv2O9qlPNEA0WM0j4uVhSP+MIAsb4WEvFxAeZbt/GiGUCLNvRGzJFL9oI6z8A0nCzYd+/gA1G/dOkELmkGnt/y3FcFjcafWJPqGxLTUIWRIXo0CJjRl0/DvMAxdlQILdiYInUQbSZIKg2pQiCopid0PoO3I/dW8hAi0zeP0rvGjDZ2JfhAikPH2FkCeMcnnh2Hn1SXGr/ijRTvfHLK9YPxpKeiifEaE6vSSOncaMi9N+6uDLUxVINVf5ur30ymnamISv1 igor@ivagulin-pc.localdomain\n\ngrowpart:\n  devices: [ / ]\n  mode: auto\n\nhostname: server2\n\n# 1q2w3e\n#    passwd: $5$R068zJeQrw6uAHY6$e4S0e4KwJqjbQEF4VqH2Lvrn9EFuo8vOtSPvpiiT4J6\n"
          },
          "private": "bnVsbA==",
          "dependencies": [
            "data.template_file.network_config",
            "data.template_file.user_data"
          ]
        },
        {
          "index_key": "server3",
          "schema_version": 0,
          "attributes": {
            "id": "/var/lib/libvirt/images/cloudinit-server3.iso;7894a883-120e-4e9f-93c6-1fff6c3c43f2",
            "meta_data": "",
            "name": "cloudinit-server3.iso",
            "network_config": "version : 2\nrenderer: networkd\nethernets :\n    ens3:\n        dhcp4: no\n        addresses: [192.168.100.12/24]\n        gateway4: 192.168.100.1\n        nameservers:\n            addresses: [192.168.100.1]\n",
            "pool": "default",
            "user_data": "#cloud-config\nusers:\n  - name: root\n    sudo: ALL=(ALL) NOPASSWD:ALL\n    shell: /bin/bash\n    ssh_authorized_keys:\n      - ssh-rsa AAAAB3NzaC1yc2EAAAADAQABAAABAQCzrm/GOdEG+wp5I6Ntl/CL4zuJpJtz5nm+/g4pZ8wexh1pz76n4m+tyae151GplYa+b2FIId8o3vgF8BTZv2O9qlPNEA0WM0j4uVhSP+MIAsb4WEvFxAeZbt/GiGUCLNvRGzJFL9oI6z8A0nCzYd+/gA1G/dOkELmkGnt/y3FcFjcafWJPqGxLTUIWRIXo0CJjRl0/DvMAxdlQILdiYInUQbSZIKg2pQiCopid0PoO3I/dW8hAi0zeP0rvGjDZ2JfhAikPH2FkCeMcnnh2Hn1SXGr/ijRTvfHLK9YPxpKeiifEaE6vSSOncaMi9N+6uDLUxVINVf5ur30ymnamISv1 igor@ivagulin-pc.localdomain\n\ngrowpart:\n  devices: [ / ]\n  mode: auto\n\nhostname: server3\n\n# 1q2w3e\n#    passwd: $5$R068zJeQrw6uAHY6$e4S0e4KwJqjbQEF4VqH2Lvrn9EFuo8vOtSPvpiiT4J6\n"
          },
          "private": "bnVsbA==",
          "dependencies": [
            "data.template_file.network_config",
            "data.template_file.user_data"
          ]
        }
      ]
    },
    {
      "mode": "managed",
      "type": "libvirt_domain",
      "name": "domain-ubuntu",
      "provider": "provider[\"registry.terraform.io/dmacvicar/libvirt\"]",
      "instances": [
        {
          "index_key": "agent1",
          "schema_version": 0,
          "attributes": {
            "arch": "x86_64",
            "autostart": false,
            "boot_device": [],
            "cloudinit": "/var/lib/libvirt/images/cloudinit-agent1.iso;0333c56a-a859-474e-9e34-79ac5e63e355",
            "cmdline": null,
            "console": [
              {
                "source_host": "127.0.0.1",
                "source_path": "",
                "source_service": "0",
                "target_port": "0",
                "target_type": "virtio",
                "type": "pty"
              }
            ],
            "coreos_ignition": null,
            "cpu": [
              {
                "mode": "custom"
              }
            ],
            "description": "",
            "disk": [
              {
                "block_device": "",
                "file": "",
                "scsi": false,
                "url": "",
                "volume_id": "/var/lib/libvirt/images/agent1.qcow2",
                "wwn": ""
              }
            ],
            "emulator": "/usr/bin/qemu-system-x86_64",
            "filesystem": [],
            "firmware": null,
            "fw_cfg_name": "opt/com.coreos/config",
            "graphics": [
              {
                "autoport": true,
                "listen_address": "127.0.0.1",
                "listen_type": "address",
                "type": "spice",
                "websocket": 0
              }
            ],
            "id": "d62ddc89-82c9-4fc2-884c-8d173ad47314",
            "initrd": "",
            "kernel": "",
            "machine": "pc",
            "memory": 2048,
            "metadata": null,
            "name": "agent1",
            "network_interface": [
              {
                "addresses": [],
                "bridge": "",
                "hostname": "",
                "mac": "52:54:00:02:6F:54",
                "macvtap": "",
                "network_id": "cf2cbda1-529f-4031-910c-15e5bf211b41",
                "network_name": "network",
                "passthrough": "",
                "vepa": "",
                "wait_for_lease": false
              }
            ],
            "nvram": null,
            "qemu_agent": false,
            "running": true,
            "timeouts": null,
            "tpm": [],
            "type": "kvm",
            "vcpu": 2,
            "video": [],
            "xml": []
          },
          "private": "eyJlMmJmYjczMC1lY2FhLTExZTYtOGY4OC0zNDM2M2JjN2M0YzAiOnsiY3JlYXRlIjozMDAwMDAwMDAwMDB9fQ==",
          "dependencies": [
            "data.template_file.network_config",
            "data.template_file.user_data",
            "libvirt_cloudinit_disk.commoninit",
            "libvirt_volume.base",
            "libvirt_volume.qcow2"
          ]
        },
        {
          "index_key": "agent2",
          "schema_version": 0,
          "attributes": {
            "arch": "x86_64",
            "autostart": false,
            "boot_device": [],
            "cloudinit": "/var/lib/libvirt/images/cloudinit-agent2.iso;a21d995a-d12b-48ab-9b18-b634bf4c6e63",
            "cmdline": null,
            "console": [
              {
                "source_host": "127.0.0.1",
                "source_path": "",
                "source_service": "0",
                "target_port": "0",
                "target_type": "virtio",
                "type": "pty"
              }
            ],
            "coreos_ignition": null,
            "cpu": [
              {
                "mode": "custom"
              }
            ],
            "description": "",
            "disk": [
              {
                "block_device": "",
                "file": "",
                "scsi": false,
                "url": "",
                "volume_id": "/var/lib/libvirt/images/agent2.qcow2",
                "wwn": ""
              }
            ],
            "emulator": "/usr/bin/qemu-system-x86_64",
            "filesystem": [],
            "firmware": null,
            "fw_cfg_name": "opt/com.coreos/config",
            "graphics": [
              {
                "autoport": true,
                "listen_address": "127.0.0.1",
                "listen_type": "address",
                "type": "spice",
                "websocket": 0
              }
            ],
            "id": "c428ed39-ac8b-4906-a28f-af47a87071f6",
            "initrd": "",
            "kernel": "",
            "machine": "pc",
            "memory": 2048,
            "metadata": null,
            "name": "agent2",
            "network_interface": [
              {
                "addresses": [],
                "bridge": "",
                "hostname": "",
                "mac": "52:54:00:5A:A1:2B",
                "macvtap": "",
                "network_id": "cf2cbda1-529f-4031-910c-15e5bf211b41",
                "network_name": "network",
                "passthrough": "",
                "vepa": "",
                "wait_for_lease": false
              }
            ],
            "nvram": null,
            "qemu_agent": false,
            "running": true,
            "timeouts": null,
            "tpm": [],
            "type": "kvm",
            "vcpu": 2,
            "video": [],
            "xml": []
          },
          "private": "eyJlMmJmYjczMC1lY2FhLTExZTYtOGY4OC0zNDM2M2JjN2M0YzAiOnsiY3JlYXRlIjozMDAwMDAwMDAwMDB9fQ==",
          "dependencies": [
            "data.template_file.network_config",
            "data.template_file.user_data",
            "libvirt_cloudinit_disk.commoninit",
            "libvirt_volume.base",
            "libvirt_volume.qcow2"
          ]
        },
        {
          "index_key": "agent3",
          "schema_version": 0,
          "attributes": {
            "arch": "x86_64",
            "autostart": false,
            "boot_device": [],
            "cloudinit": "/var/lib/libvirt/images/cloudinit-agent3.iso;83db4384-b918-42df-8a5c-a0bd2ada8eb6",
            "cmdline": null,
            "console": [
              {
                "source_host": "127.0.0.1",
                "source_path": "",
                "source_service": "0",
                "target_port": "0",
                "target_type": "virtio",
                "type": "pty"
              }
            ],
            "coreos_ignition": null,
            "cpu": [
              {
                "mode": "custom"
              }
            ],
            "description": "",
            "disk": [
              {
                "block_device": "",
                "file": "",
                "scsi": false,
                "url": "",
                "volume_id": "/var/lib/libvirt/images/agent3.qcow2",
                "wwn": ""
              }
            ],
            "emulator": "/usr/bin/qemu-system-x86_64",
            "filesystem": [],
            "firmware": null,
            "fw_cfg_name": "opt/com.coreos/config",
            "graphics": [
              {
                "autoport": true,
                "listen_address": "127.0.0.1",
                "listen_type": "address",
                "type": "spice",
                "websocket": 0
              }
            ],
            "id": "ac46d982-a3ba-4de6-9b48-0e285fa010eb",
            "initrd": "",
            "kernel": "",
            "machine": "pc",
            "memory": 2048,
            "metadata": null,
            "name": "agent3",
            "network_interface": [
              {
                "addresses": [],
                "bridge": "",
                "hostname": "",
                "mac": "52:54:00:E6:71:E0",
                "macvtap": "",
                "network_id": "cf2cbda1-529f-4031-910c-15e5bf211b41",
                "network_name": "network",
                "passthrough": "",
                "vepa": "",
                "wait_for_lease": false
              }
            ],
            "nvram": null,
            "qemu_agent": false,
            "running": true,
            "timeouts": null,
            "tpm": [],
            "type": "kvm",
            "vcpu": 2,
            "video": [],
            "xml": []
          },
          "private": "eyJlMmJmYjczMC1lY2FhLTExZTYtOGY4OC0zNDM2M2JjN2M0YzAiOnsiY3JlYXRlIjozMDAwMDAwMDAwMDB9fQ==",
          "dependencies": [
            "data.template_file.network_config",
            "data.template_file.user_data",
            "libvirt_cloudinit_disk.commoninit",
            "libvirt_volume.base",
            "libvirt_volume.qcow2"
          ]
        },
        {
          "index_key": "server1",
          "schema_version": 0,
          "attributes": {
            "arch": "x86_64",
            "autostart": false,
            "boot_device": [],
            "cloudinit": "/var/lib/libvirt/images/cloudinit-server1.iso;fbc082d3-ccf8-4902-b552-998cb73dcfdc",
            "cmdline": null,
            "console": [
              {
                "source_host": "127.0.0.1",
                "source_path": "",
                "source_service": "0",
                "target_port": "0",
                "target_type": "virtio",
                "type": "pty"
              }
            ],
            "coreos_ignition": null,
            "cpu": [
              {
                "mode": "custom"
              }
            ],
            "description": "",
            "disk": [
              {
                "block_device": "",
                "file": "",
                "scsi": false,
                "url": "",
                "volume_id": "/var/lib/libvirt/images/server1.qcow2",
                "wwn": ""
              }
            ],
            "emulator": "/usr/bin/qemu-system-x86_64",
            "filesystem": [],
            "firmware": null,
            "fw_cfg_name": "opt/com.coreos/config",
            "graphics": [
              {
                "autoport": true,
                "listen_address": "127.0.0.1",
                "listen_type": "address",
                "type": "spice",
                "websocket": 0
              }
            ],
            "id": "9c825ab2-ef69-4a73-a439-140b880bed3f",
            "initrd": "",
            "kernel": "",
            "machine": "pc",
            "memory": 2048,
            "metadata": null,
            "name": "server1",
            "network_interface": [
              {
                "addresses": [],
                "bridge": "",
                "hostname": "",
                "mac": "52:54:00:3A:73:77",
                "macvtap": "",
                "network_id": "cf2cbda1-529f-4031-910c-15e5bf211b41",
                "network_name": "network",
                "passthrough": "",
                "vepa": "",
                "wait_for_lease": false
              }
            ],
            "nvram": null,
            "qemu_agent": false,
            "running": true,
            "timeouts": null,
            "tpm": [],
            "type": "kvm",
            "vcpu": 2,
            "video": [],
            "xml": []
          },
          "private": "eyJlMmJmYjczMC1lY2FhLTExZTYtOGY4OC0zNDM2M2JjN2M0YzAiOnsiY3JlYXRlIjozMDAwMDAwMDAwMDB9fQ==",
          "dependencies": [
            "data.template_file.network_config",
            "data.template_file.user_data",
            "libvirt_cloudinit_disk.commoninit",
            "libvirt_volume.base",
            "libvirt_volume.qcow2"
          ]
        },
        {
          "index_key": "server2",
          "schema_version": 0,
          "attributes": {
            "arch": "x86_64",
            "autostart": false,
            "boot_device": [],
            "cloudinit": "/var/lib/libvirt/images/cloudinit-server2.iso;9d4124c5-2390-4425-88ac-f778cb81f0ff",
            "cmdline": null,
            "console": [
              {
                "source_host": "127.0.0.1",
                "source_path": "",
                "source_service": "0",
                "target_port": "0",
                "target_type": "virtio",
                "type": "pty"
              }
            ],
            "coreos_ignition": null,
            "cpu": [
              {
                "mode": "custom"
              }
            ],
            "description": "",
            "disk": [
              {
                "block_device": "",
                "file": "",
                "scsi": false,
                "url": "",
                "volume_id": "/var/lib/libvirt/images/server2.qcow2",
                "wwn": ""
              }
            ],
            "emulator": "/usr/bin/qemu-system-x86_64",
            "filesystem": [],
            "firmware": null,
            "fw_cfg_name": "opt/com.coreos/config",
            "graphics": [
              {
                "autoport": true,
                "listen_address": "127.0.0.1",
                "listen_type": "address",
                "type": "spice",
                "websocket": 0
              }
            ],
            "id": "286465ed-263d-4a22-bf6d-df7cad81306d",
            "initrd": "",
            "kernel": "",
            "machine": "pc",
            "memory": 2048,
            "metadata": null,
            "name": "server2",
            "network_interface": [
              {
                "addresses": [],
                "bridge": "",
                "hostname": "",
                "mac": "52:54:00:3E:25:8E",
                "macvtap": "",
                "network_id": "cf2cbda1-529f-4031-910c-15e5bf211b41",
                "network_name": "network",
                "passthrough": "",
                "vepa": "",
                "wait_for_lease": false
              }
            ],
            "nvram": null,
            "qemu_agent": false,
            "running": true,
            "timeouts": null,
            "tpm": [],
            "type": "kvm",
            "vcpu": 2,
            "video": [],
            "xml": []
          },
          "private": "eyJlMmJmYjczMC1lY2FhLTExZTYtOGY4OC0zNDM2M2JjN2M0YzAiOnsiY3JlYXRlIjozMDAwMDAwMDAwMDB9fQ==",
          "dependencies": [
            "data.template_file.network_config",
            "data.template_file.user_data",
            "libvirt_cloudinit_disk.commoninit",
            "libvirt_volume.base",
            "libvirt_volume.qcow2"
          ]
        },
        {
          "index_key": "server3",
          "schema_version": 0,
          "attributes": {
            "arch": "x86_64",
            "autostart": false,
            "boot_device": [],
            "cloudinit": "/var/lib/libvirt/images/cloudinit-server3.iso;7894a883-120e-4e9f-93c6-1fff6c3c43f2",
            "cmdline": null,
            "console": [
              {
                "source_host": "127.0.0.1",
                "source_path": "",
                "source_service": "0",
                "target_port": "0",
                "target_type": "virtio",
                "type": "pty"
              }
            ],
            "coreos_ignition": null,
            "cpu": [
              {
                "mode": "custom"
              }
            ],
            "description": "",
            "disk": [
              {
                "block_device": "",
                "file": "",
                "scsi": false,
                "url": "",
                "volume_id": "/var/lib/libvirt/images/server3.qcow2",
                "wwn": ""
              }
            ],
            "emulator": "/usr/bin/qemu-system-x86_64",
            "filesystem": [],
            "firmware": null,
            "fw_cfg_name": "opt/com.coreos/config",
            "graphics": [
              {
                "autoport": true,
                "listen_address": "127.0.0.1",
                "listen_type": "address",
                "type": "spice",
                "websocket": 0
              }
            ],
            "id": "daab1149-d60c-4307-ba5c-ab27fb720eda",
            "initrd": "",
            "kernel": "",
            "machine": "pc",
            "memory": 2048,
            "metadata": null,
            "name": "server3",
            "network_interface": [
              {
                "addresses": [],
                "bridge": "",
                "hostname": "",
                "mac": "52:54:00:62:82:B0",
                "macvtap": "",
                "network_id": "cf2cbda1-529f-4031-910c-15e5bf211b41",
                "network_name": "network",
                "passthrough": "",
                "vepa": "",
                "wait_for_lease": false
              }
            ],
            "nvram": null,
            "qemu_agent": false,
            "running": true,
            "timeouts": null,
            "tpm": [],
            "type": "kvm",
            "vcpu": 2,
            "video": [],
            "xml": []
          },
          "private": "eyJlMmJmYjczMC1lY2FhLTExZTYtOGY4OC0zNDM2M2JjN2M0YzAiOnsiY3JlYXRlIjozMDAwMDAwMDAwMDB9fQ==",
          "dependencies": [
            "data.template_file.network_config",
            "data.template_file.user_data",
            "libvirt_cloudinit_disk.commoninit",
            "libvirt_volume.base",
            "libvirt_volume.qcow2"
          ]
        }
      ]
    },
    {
      "mode": "managed",
      "type": "libvirt_volume",
      "name": "base",
      "provider": "provider[\"registry.terraform.io/dmacvicar/libvirt\"]",
      "instances": [
        {
          "schema_version": 0,
          "attributes": {
            "base_volume_id": null,
            "base_volume_name": null,
            "base_volume_pool": null,
            "format": "qcow2",
            "id": "/var/lib/libvirt/images/base",
            "name": "base",
            "pool": "default",
            "size": 2361393152,
            "source": "file:///mnt/win/install/ubuntu/ubuntu-22.04-server-cloudimg-amd64.img",
            "xml": []
          },
          "private": "bnVsbA=="
        }
      ]
    },
    {
      "mode": "managed",
      "type": "libvirt_volume",
      "name": "qcow2",
      "provider": "provider[\"registry.terraform.io/dmacvicar/libvirt\"]",
      "instances": [
        {
          "index_key": "agent1",
          "schema_version": 0,
          "attributes": {
            "base_volume_id": "/var/lib/libvirt/images/base",
            "base_volume_name": null,
            "base_volume_pool": null,
            "format": "qcow2",
            "id": "/var/lib/libvirt/images/agent1.qcow2",
            "name": "agent1.qcow2",
            "pool": "default",
            "size": 107374182400,
            "source": null,
            "xml": []
          },
          "private": "bnVsbA==",
          "dependencies": [
            "libvirt_volume.base"
          ]
        },
        {
          "index_key": "agent2",
          "schema_version": 0,
          "attributes": {
            "base_volume_id": "/var/lib/libvirt/images/base",
            "base_volume_name": null,
            "base_volume_pool": null,
            "format": "qcow2",
            "id": "/var/lib/libvirt/images/agent2.qcow2",
            "name": "agent2.qcow2",
            "pool": "default",
            "size": 107374182400,
            "source": null,
            "xml": []
          },
          "private": "bnVsbA==",
          "dependencies": [
            "libvirt_volume.base"
          ]
        },
        {
          "index_key": "agent3",
          "schema_version": 0,
          "attributes": {
            "base_volume_id": "/var/lib/libvirt/images/base",
            "base_volume_name": null,
            "base_volume_pool": null,
            "format": "qcow2",
            "id": "/var/lib/libvirt/images/agent3.qcow2",
            "name": "agent3.qcow2",
            "pool": "default",
            "size": 107374182400,
            "source": null,
            "xml": []
          },
          "private": "bnVsbA==",
          "dependencies": [
            "libvirt_volume.base"
          ]
        },
        {
          "index_key": "server1",
          "schema_version": 0,
          "attributes": {
            "base_volume_id": "/var/lib/libvirt/images/base",
            "base_volume_name": null,
            "base_volume_pool": null,
            "format": "qcow2",
            "id": "/var/lib/libvirt/images/server1.qcow2",
            "name": "server1.qcow2",
            "pool": "default",
            "size": 107374182400,
            "source": null,
            "xml": []
          },
          "private": "bnVsbA==",
          "dependencies": [
            "libvirt_volume.base"
          ]
        },
        {
          "index_key": "server2",
          "schema_version": 0,
          "attributes": {
            "base_volume_id": "/var/lib/libvirt/images/base",
            "base_volume_name": null,
            "base_volume_pool": null,
            "format": "qcow2",
            "id": "/var/lib/libvirt/images/server2.qcow2",
            "name": "server2.qcow2",
            "pool": "default",
            "size": 107374182400,
            "source": null,
            "xml": []
          },
          "private": "bnVsbA==",
          "dependencies": [
            "libvirt_volume.base"
          ]
        },
        {
          "index_key": "server3",
          "schema_version": 0,
          "attributes": {
            "base_volume_id": "/var/lib/libvirt/images/base",
            "base_volume_name": null,
            "base_volume_pool": null,
            "format": "qcow2",
            "id": "/var/lib/libvirt/images/server3.qcow2",
            "name": "server3.qcow2",
            "pool": "default",
            "size": 107374182400,
            "source": null,
            "xml": []
          },
          "private": "bnVsbA==",
          "dependencies": [
            "libvirt_volume.base"
          ]
        }
      ]
    }
  ]
}
